
Microsoft Visual Studio Solution File, Format Version 12.00
# Visual Studio Version 16
VisualStudioVersion = 16.0.30320.27
MinimumVisualStudioVersion = 10.0.40219.1
Project("{9A19103F-16F7-4668-BE54-9A1E7A4F7556}") = "Server", "HurryUpAndWeight\Server.csproj", "{10DA7D0B-44FE-4444-A056-E492B353A61B}"
EndProject
Project("{9A19103F-16F7-4668-BE54-9A1E7A4F7556}") = "ClientDemo", "ClientDemo\ClientDemo.csproj", "{A0A61AB3-DDFE-43EA-9A3E-B8B2D99445B4}"
	ProjectSection(ProjectDependencies) = postProject
		{2375CEDC-2B60-46AA-8B8C-2A52C5F8B893} = {2375CEDC-2B60-46AA-8B8C-2A52C5F8B893}
	EndProjectSection
EndProject
Project("{FAE04EC0-301F-11D3-BF4B-00C04F79EFBC}") = "NetworkAPI", "NetworkAPI\NetworkAPI.csproj", "{2375CEDC-2B60-46AA-8B8C-2A52C5F8B893}"
EndProject
Global
	GlobalSection(SolutionConfigurationPlatforms) = preSolution
		Debug|Any CPU = Debug|Any CPU
		Release|Any CPU = Release|Any CPU
	EndGlobalSection
	GlobalSection(ProjectConfigurationPlatforms) = postSolution
		{10DA7D0B-44FE-4444-A056-E492B353A61B}.Debug|Any CPU.ActiveCfg = Debug|Any CPU
		{10DA7D0B-44FE-4444-A056-E492B353A61B}.Debug|Any CPU.Build.0 = Debug|Any CPU
		{10DA7D0B-44FE-4444-A056-E492B353A61B}.Release|Any CPU.ActiveCfg = Release|Any CPU
		{10DA7D0B-44FE-4444-A056-E492B353A61B}.Release|Any CPU.Build.0 = Release|Any CPU
		{A0A61AB3-DDFE-43EA-9A3E-B8B2D99445B4}.Debug|Any CPU.ActiveCfg = Debug|Any CPU
		{A0A61AB3-DDFE-43EA-9A3E-B8B2D99445B4}.Debug|Any CPU.Build.0 = Debug|Any CPU
		{A0A61AB3-DDFE-43EA-9A3E-B8B2D99445B4}.Release|Any CPU.ActiveCfg = Release|Any CPU
		{A0A61AB3-DDFE-43EA-9A3E-B8B2D99445B4}.Release|Any CPU.Build.0 = Release|Any CPU
		{2375CEDC-2B60-46AA-8B8C-2A52C5F8B893}.Debug|Any CPU.ActiveCfg = Debug|Any CPU
		{2375CEDC-2B60-46AA-8B8C-2A52C5F8B893}.Debug|Any CPU.Build.0 = Debug|Any CPU
		{2375CEDC-2B60-46AA-8B8C-2A52C5F8B893}.Release|Any CPU.ActiveCfg = Release|Any CPU
		{2375CEDC-2B60-46AA-8B8C-2A52C5F8B893}.Release|Any CPU.Build.0 = Release|Any CPU
	EndGlobalSection
	GlobalSection(SolutionProperties) = preSolution
		HideSolutionNode = FALSE
	EndGlobalSection
	GlobalSection(ExtensibilityGlobals) = postSolution
		SolutionGuid = {A76D542E-3BF2-4CEC-8B54-1BAA3CC0F045}
	EndGlobalSection
EndGlobal
